Microsoft Visual Studio Solution File, Format Version 12.00
# Visual Studio Version 16
VisualStudioVersion = 16.0.0.0
MinimumVisualStudioVersion = 16.0.0.0
Project("{9A19103F-16F7-4668-BE54-9A1E7A4F7556}") = "ProjectM2.Server", "Server\ProjectM2.Server.csproj", "{64D60E88-0577-4633-B3F5-9C3D38B22F69}"
EndProject
Project("{9A19103F-16F7-4668-BE54-9A1E7A4F7556}") = "ProjectM2.Client", "Client\ProjectM2.Client.csproj", "{19F9265E-327B-4FA1-855B-BE31505314F8}"
EndProject
Global
	GlobalSection(SolutionConfigurationPlatforms) = preSolution
		Debug|Any CPU = Debug|Any CPU
		Debug|x64 = Debug|x64
		Debug|x86 = Debug|x86
		Release|Any CPU = Release|Any CPU
		Release|x64 = Release|x64
		Release|x86 = Release|x86
	EndGlobalSection
	GlobalSection(ProjectConfigurationPlatforms) = postSolution
		{19F9265E-327B-4FA1-855B-BE31505314F8}.Debug|Any CPU.ActiveCfg = Debug|Any CPU
		{19F9265E-327B-4FA1-855B-BE31505314F8}.Debug|Any CPU.Build.0 = Debug|Any CPU
		{19F9265E-327B-4FA1-855B-BE31505314F8}.Debug|x64.ActiveCfg = Debug|Any CPU
		{19F9265E-327B-4FA1-855B-BE31505314F8}.Debug|x64.Build.0 = Debug|Any CPU
		{19F9265E-327B-4FA1-855B-BE31505314F8}.Debug|x86.ActiveCfg = Debug|Any CPU
		{19F9265E-327B-4FA1-855B-BE31505314F8}.Debug|x86.Build.0 = Debug|Any CPU
		{19F9265E-327B-4FA1-855B-BE31505314F8}.Release|Any CPU.ActiveCfg = Release|Any CPU
		{19F9265E-327B-4FA1-855B-BE31505314F8}.Release|Any CPU.Build.0 = Release|Any CPU
		{19F9265E-327B-4FA1-855B-BE31505314F8}.Release|x64.ActiveCfg = Release|Any CPU
		{19F9265E-327B-4FA1-855B-BE31505314F8}.Release|x64.Build.0 = Release|Any CPU
		{19F9265E-327B-4FA1-855B-BE31505314F8}.Release|x86.ActiveCfg = Release|Any CPU
		{19F9265E-327B-4FA1-855B-BE31505314F8}.Release|x86.Build.0 = Release|Any CPU
		{64D60E88-0577-4633-B3F5-9C3D38B22F69}.Debug|Any CPU.ActiveCfg = Debug|Any CPU
		{64D60E88-0577-4633-B3F5-9C3D38B22F69}.Debug|Any CPU.Build.0 = Debug|Any CPU
		{64D60E88-0577-4633-B3F5-9C3D38B22F69}.Debug|x64.ActiveCfg = Debug|Any CPU
		{64D60E88-0577-4633-B3F5-9C3D38B22F69}.Debug|x64.Build.0 = Debug|Any CPU
		{64D60E88-0577-4633-B3F5-9C3D38B22F69}.Debug|x86.ActiveCfg = Debug|Any CPU
		{64D60E88-0577-4633-B3F5-9C3D38B22F69}.Debug|x86.Build.0 = Debug|Any CPU
		{64D60E88-0577-4633-B3F5-9C3D38B22F69}.Release|Any CPU.ActiveCfg = Release|Any CPU
		{64D60E88-0577-4633-B3F5-9C3D38B22F69}.Release|Any CPU.Build.0 = Release|Any CPU
		{64D60E88-0577-4633-B3F5-9C3D38B22F69}.Release|x64.ActiveCfg = Release|Any CPU
		{64D60E88-0577-4633-B3F5-9C3D38B22F69}.Release|x64.Build.0 = Release|Any CPU
		{64D60E88-0577-4633-B3F5-9C3D38B22F69}.Release|x86.ActiveCfg = Release|Any CPU
		{64D60E88-0577-4633-B3F5-9C3D38B22F69}.Release|x86.Build.0 = Release|Any CPU
	EndGlobalSection
	GlobalSection(SolutionProperties) = preSolution
		HideSolutionNode = FALSE
	EndGlobalSection
	GlobalSection(ExtensibilityGlobals) = postSolution
		SolutionGuid = {B5B7B51B-3C75-48A4-A6EB-EABB477923F8}
	EndGlobalSection
EndGlobal